
Microsoft Visual Studio Solution File, Format Version 12.00
# Visual Studio 14
VisualStudioVersion = 14.0.25420.1
MinimumVisualStudioVersion = 10.0.40219.1
Project("{FAE04EC0-301F-11D3-BF4B-00C04F79EFBC}") = "BookManagerLibrary", "BookManagerLibrary\BookManagerLibrary.csproj", "{2E2970FD-C612-4961-A93F-DB9728822E66}"
EndProject
Project("{FAE04EC0-301F-11D3-BF4B-00C04F79EFBC}") = "UnitTests", "UnitTests\UnitTests.csproj", "{E89BDDB1-D05C-452B-BE3E-C5E1600388CA}"
EndProject
Project("{FAE04EC0-301F-11D3-BF4B-00C04F79EFBC}") = "BookManagerConsoleApp", "LibraryConsoleApp\BookManagerConsoleApp.csproj", "{9D737EFC-A652-45A3-A57F-F016FEE9EC7A}"
EndProject
Global
	GlobalSection(SolutionConfigurationPlatforms) = preSolution
		Debug|Any CPU = Debug|Any CPU
		Release|Any CPU = Release|Any CPU
	EndGlobalSection
	GlobalSection(ProjectConfigurationPlatforms) = postSolution
		{2E2970FD-C612-4961-A93F-DB9728822E66}.Debug|Any CPU.ActiveCfg = Debug|Any CPU
		{2E2970FD-C612-4961-A93F-DB9728822E66}.Debug|Any CPU.Build.0 = Debug|Any CPU
		{2E2970FD-C612-4961-A93F-DB9728822E66}.Release|Any CPU.ActiveCfg = Release|Any CPU
		{2E2970FD-C612-4961-A93F-DB9728822E66}.Release|Any CPU.Build.0 = Release|Any CPU
		{E89BDDB1-D05C-452B-BE3E-C5E1600388CA}.Debug|Any CPU.ActiveCfg = Debug|Any CPU
		{E89BDDB1-D05C-452B-BE3E-C5E1600388CA}.Debug|Any CPU.Build.0 = Debug|Any CPU
		{E89BDDB1-D05C-452B-BE3E-C5E1600388CA}.Release|Any CPU.ActiveCfg = Release|Any CPU
		{E89BDDB1-D05C-452B-BE3E-C5E1600388CA}.Release|Any CPU.Build.0 = Release|Any CPU
		{9D737EFC-A652-45A3-A57F-F016FEE9EC7A}.Debug|Any CPU.ActiveCfg = Debug|Any CPU
		{9D737EFC-A652-45A3-A57F-F016FEE9EC7A}.Debug|Any CPU.Build.0 = Debug|Any CPU
		{9D737EFC-A652-45A3-A57F-F016FEE9EC7A}.Release|Any CPU.ActiveCfg = Release|Any CPU
		{9D737EFC-A652-45A3-A57F-F016FEE9EC7A}.Release|Any CPU.Build.0 = Release|Any CPU
	EndGlobalSection
	GlobalSection(SolutionProperties) = preSolution
		HideSolutionNode = FALSE
	EndGlobalSection
EndGlobal
